
Microsoft Visual Studio Solution File, Format Version 12.00
# Visual Studio Version 16
VisualStudioVersion = 16.0.29509.3
MinimumVisualStudioVersion = 10.0.40219.1
Project("{FAE04EC0-301F-11D3-BF4B-00C04F79EFBC}") = "WindowsFormsApp3", "WindowsFormsApp3\WindowsFormsApp3.csproj", "{BCB5FB79-7291-4334-9544-37E46A95D6A7}"
EndProject
Global
	GlobalSection(SolutionConfigurationPlatforms) = preSolution
		Debug|Any CPU = Debug|Any CPU
		Release|Any CPU = Release|Any CPU
	EndGlobalSection
	GlobalSection(ProjectConfigurationPlatforms) = postSolution
		{BCB5FB79-7291-4334-9544-37E46A95D6A7}.Debug|Any CPU.ActiveCfg = Debug|Any CPU
		{BCB5FB79-7291-4334-9544-37E46A95D6A7}.Debug|Any CPU.Build.0 = Debug|Any CPU
		{BCB5FB79-7291-4334-9544-37E46A95D6A7}.Release|Any CPU.ActiveCfg = Release|Any CPU
		{BCB5FB79-7291-4334-9544-37E46A95D6A7}.Release|Any CPU.Build.0 = Release|Any CPU
	EndGlobalSection
	GlobalSection(SolutionProperties) = preSolution
		HideSolutionNode = FALSE
	EndGlobalSection
	GlobalSection(ExtensibilityGlobals) = postSolution
		SolutionGuid = {8173C2F5-BEB1-4D30-9B1B-B90721992C82}
	EndGlobalSection
EndGlobal
